// !$*UTF8*$!
{
	archiveVersion = 1;
	classes = {
	};
	objectVersion = 50;
	objects = {

/* Begin PBXBuildFile section */
		A44E59762514033700EA3A5E /* AppDelegate.swift in Sources */ = {isa = PBXBuildFile; fileRef = A44E59752514033700EA3A5E /* AppDelegate.swift */; };
		A44E59782514033700EA3A5E /* SceneDelegate.swift in Sources */ = {isa = PBXBuildFile; fileRef = A44E59772514033700EA3A5E /* SceneDelegate.swift */; };
		A44E597A2514033700EA3A5E /* ViewController.swift in Sources */ = {isa = PBXBuildFile; fileRef = A44E59792514033700EA3A5E /* ViewController.swift */; };
		A44E597D2514033700EA3A5E /* Main.storyboard in Resources */ = {isa = PBXBuildFile; fileRef = A44E597B2514033700EA3A5E /* Main.storyboard */; };
		A44E597F2514033800EA3A5E /* Assets.xcassets in Resources */ = {isa = PBXBuildFile; fileRef = A44E597E2514033800EA3A5E /* Assets.xcassets */; };
		A44E59822514033800EA3A5E /* LaunchScreen.storyboard in Resources */ = {isa = PBXBuildFile; fileRef = A44E59802514033800EA3A5E /* LaunchScreen.storyboard */; };
		D0AA33745E7B686799FFEEF3 /* Pods_M1_AirPodTest.framework in Frameworks */ = {isa = PBXBuildFile; fileRef = E846771230E55EB10645480A /* Pods_M1_AirPodTest.framework */; };
/* End PBXBuildFile section */

/* Begin PBXFileReference section */
		1FEF3F041894BD6801544BC4 /* Pods-M1-AirPodTest.debug.xcconfig */ = {isa = PBXFileReference; includeInIndex = 1; lastKnownFileType = text.xcconfig; name = "Pods-M1-AirPodTest.debug.xcconfig"; path = "Target Support Files/Pods-M1-AirPodTest/Pods-M1-AirPodTest.debug.xcconfig"; sourceTree = "<group>"; };
		3CC629D0A73C7C6107D8788C /* Pods-M1-AirPodTest.release.xcconfig */ = {isa = PBXFileReference; includeInIndex = 1; lastKnownFileType = text.xcconfig; name = "Pods-M1-AirPodTest.release.xcconfig"; path = "Target Support Files/Pods-M1-AirPodTest/Pods-M1-AirPodTest.release.xcconfig"; sourceTree = "<group>"; };
		A44E59722514033700EA3A5E /* M1-AirPodTest.app */ = {isa = PBXFileReference; explicitFileType = wrapper.application; includeInIndex = 0; path = "M1-AirPodTest.app"; sourceTree = BUILT_PRODUCTS_DIR; };
		A44E59752514033700EA3A5E /* AppDelegate.swift */ = {isa = PBXFileReference; lastKnownFileType = sourcecode.swift; path = AppDelegate.swift; sourceTree = "<group>"; };
		A44E59772514033700EA3A5E /* SceneDelegate.swift */ = {isa = PBXFileReference; lastKnownFileType = sourcecode.swift; path = SceneDelegate.swift; sourceTree = "<group>"; };
		A44E59792514033700EA3A5E /* ViewController.swift */ = {isa = PBXFileReference; lastKnownFileType = sourcecode.swift; path = ViewController.swift; sourceTree = "<group>"; };
		A44E597C2514033700EA3A5E /* Base */ = {isa = PBXFileReference; lastKnownFileType = file.storyboard; name = Base; path = Base.lproj/Main.storyboard; sourceTree = "<group>"; };
		A44E597E2514033800EA3A5E /* Assets.xcassets */ = {isa = PBXFileReference; lastKnownFileType = folder.assetcatalog; path = Assets.xcassets; sourceTree = "<group>"; };
		A44E59812514033800EA3A5E /* Base */ = {isa = PBXFileReference; lastKnownFileType = file.storyboard; name = Base; path = Base.lproj/LaunchScreen.storyboard; sourceTree = "<group>"; };
		A44E59832514033800EA3A5E /* Info.plist */ = {isa = PBXFileReference; lastKnownFileType = text.plist.xml; path = Info.plist; sourceTree = "<group>"; };
		E846771230E55EB10645480A /* Pods_M1_AirPodTest.framework */ = {isa = PBXFileReference; explicitFileType = wrapper.framework; includeInIndex = 0; path = Pods_M1_AirPodTest.framework; sourceTree = BUILT_PRODUCTS_DIR; };
/* End PBXFileReference section */

/* Begin PBXFrameworksBuildPhase section */
		A44E596F2514033700EA3A5E /* Frameworks */ = {
			isa = PBXFrameworksBuildPhase;
			buildActionMask = 2147483647;
			files = (
				D0AA33745E7B686799FFEEF3 /* Pods_M1_AirPodTest.framework in Frameworks */,
			);
			runOnlyForDeploymentPostprocessing = 0;
		};
/* End PBXFrameworksBuildPhase section */

/* Begin PBXGroup section */
		A17BE773BE694586CC084F26 /* Pods */ = {
			isa = PBXGroup;
			children = (
				1FEF3F041894BD6801544BC4 /* Pods-M1-AirPodTest.debug.xcconfig */,
				3CC629D0A73C7C6107D8788C /* Pods-M1-AirPodTest.release.xcconfig */,
			);
			name = Pods;
			path = Pods;
			sourceTree = "<group>";
		};
		A44E59692514033600EA3A5E = {
			isa = PBXGroup;
			children = (
				A44E59742514033700EA3A5E /* M1-AirPodTest */,
				A44E59732514033700EA3A5E /* Products */,
				A17BE773BE694586CC084F26 /* Pods */,
				F57DB634C62ADC66E3BA0DB4 /* Frameworks */,
			);
			sourceTree = "<group>";
		};
		A44E59732514033700EA3A5E /* Products */ = {
			isa = PBXGroup;
			children = (
				A44E59722514033700EA3A5E /* M1-AirPodTest.app */,
			);
			name = Products;
			sourceTree = "<group>";
		};
		A44E59742514033700EA3A5E /* M1-AirPodTest */ = {
			isa = PBXGroup;
			children = (
				A44E59752514033700EA3A5E /* AppDelegate.swift */,
				A44E59772514033700EA3A5E /* SceneDelegate.swift */,
				A44E59792514033700EA3A5E /* ViewController.swift */,
				A44E597B2514033700EA3A5E /* Main.storyboard */,
				A44E597E2514033800EA3A5E /* Assets.xcassets */,
				A44E59802514033800EA3A5E /* LaunchScreen.storyboard */,
				A44E59832514033800EA3A5E /* Info.plist */,
			);
			path = "M1-AirPodTest";
			sourceTree = "<group>";
		};
		F57DB634C62ADC66E3BA0DB4 /* Frameworks */ = {
			isa = PBXGroup;
			children = (
				E846771230E55EB10645480A /* Pods_M1_AirPodTest.framework */,
			);
			name = Frameworks;
			sourceTree = "<group>";
		};
/* End PBXGroup section */

/* Begin PBXNativeTarget section */
		A44E59712514033700EA3A5E /* M1-AirPodTest */ = {
			isa = PBXNativeTarget;
			buildConfigurationList = A44E59862514033800EA3A5E /* Build configuration list for PBXNativeTarget "M1-AirPodTest" */;
			buildPhases = (
				2E9C36825A5D1872A10A29AB /* [CP] Check Pods Manifest.lock */,
				A44E596E2514033700EA3A5E /* Sources */,
				A44E596F2514033700EA3A5E /* Frameworks */,
				A44E59702514033700EA3A5E /* Resources */,
				5C95177B2DDC8C6589DDFF65 /* [CP] Embed Pods Frameworks */,
			);
			buildRules = (
			);
			dependencies = (
			);
			name = "M1-AirPodTest";
			productName = "M1-AirPodTest";
			productReference = A44E59722514033700EA3A5E /* M1-AirPodTest.app */;
			productType = "com.apple.product-type.application";
		};
/* End PBXNativeTarget section */

/* Begin PBXProject section */
		A44E596A2514033600EA3A5E /* Project object */ = {
			isa = PBXProject;
			attributes = {
				LastSwiftUpdateCheck = 1200;
				LastUpgradeCheck = 1200;
				TargetAttributes = {
					A44E59712514033700EA3A5E = {
						CreatedOnToolsVersion = 12.0;
					};
				};
			};
			buildConfigurationList = A44E596D2514033600EA3A5E /* Build configuration list for PBXProject "M1-AirPodTest" */;
			compatibilityVersion = "Xcode 9.3";
			developmentRegion = en;
			hasScannedForEncodings = 0;
			knownRegions = (
				en,
				Base,
			);
			mainGroup = A44E59692514033600EA3A5E;
			productRefGroup = A44E59732514033700EA3A5E /* Products */;
			projectDirPath = "";
			projectRoot = "";
			targets = (
				A44E59712514033700EA3A5E /* M1-AirPodTest */,
			);
		};
/* End PBXProject section */

/* Begin PBXResourcesBuildPhase section */
		A44E59702514033700EA3A5E /* Resources */ = {
			isa = PBXResourcesBuildPhase;
			buildActionMask = 2147483647;
			files = (
				A44E59822514033800EA3A5E /* LaunchScreen.storyboard in Resources */,
				A44E597F2514033800EA3A5E /* Assets.xcassets in Resources */,
				A44E597D2514033700EA3A5E /* Main.storyboard in Resources */,
			);
			runOnlyForDeploymentPostprocessing = 0;
		};
/* End PBXResourcesBuildPhase section */

/* Begin PBXShellScriptBuildPhase section */
		2E9C36825A5D1872A10A29AB /* [CP] Check Pods Manifest.lock */ = {
			isa = PBXShellScriptBuildPhase;
			buildActionMask = 2147483647;
			files = (
			);
			inputFileListPaths = (
			);
			inputPaths = (
				"${PODS_PODFILE_DIR_PATH}/Podfile.lock",
				"${PODS_ROOT}/Manifest.lock",
			);
			name = "[CP] Check Pods Manifest.lock";
			outputFileListPaths = (
			);
			outputPaths = (
				"$(DERIVED_FILE_DIR)/Pods-M1-AirPodTest-checkManifestLockResult.txt",
			);
			runOnlyForDeploymentPostprocessing = 0;
			shellPath = /bin/sh;
			shellScript = "diff \"${PODS_PODFILE_DIR_PATH}/Podfile.lock\" \"${PODS_ROOT}/Manifest.lock\" > /dev/null\nif [ $? != 0 ] ; then\n    # print error to STDERR\n    echo \"error: The sandbox is not in sync with the Podfile.lock. Run 'pod install' or update your CocoaPods installation.\" >&2\n    exit 1\nfi\n# This output is used by Xcode 'outputs' to avoid re-running this script phase.\necho \"SUCCESS\" > \"${SCRIPT_OUTPUT_FILE_0}\"\n";
			showEnvVarsInLog = 0;
		};
		5C95177B2DDC8C6589DDFF65 /* [CP] Embed Pods Frameworks */ = {
			isa = PBXShellScriptBuildPhase;
			buildActionMask = 2147483647;
			files = (
			);
			inputFileListPaths = (
				"${PODS_ROOT}/Target Support Files/Pods-M1-AirPodTest/Pods-M1-AirPodTest-frameworks-${CONFIGURATION}-input-files.xcfilelist",
			);
			name = "[CP] Embed Pods Frameworks";
			outputFileListPaths = (
				"${PODS_ROOT}/Target Support Files/Pods-M1-AirPodTest/Pods-M1-AirPodTest-frameworks-${CONFIGURATION}-output-files.xcfilelist",
			);
			runOnlyForDeploymentPostprocessing = 0;
			shellPath = /bin/sh;
			shellScript = "\"${PODS_ROOT}/Target Support Files/Pods-M1-AirPodTest/Pods-M1-AirPodTest-frameworks.sh\"\n";
			showEnvVarsInLog = 0;
		};
/* End PBXShellScriptBuildPhase section */

/* Begin PBXSourcesBuildPhase section */
		A44E596E2514033700EA3A5E /* Sources */ = {
			isa = PBXSourcesBuildPhase;
			buildActionMask = 2147483647;
			files = (
				A44E597A2514033700EA3A5E /* ViewController.swift in Sources */,
				A44E59762514033700EA3A5E /* AppDelegate.swift in Sources */,
				A44E59782514033700EA3A5E /* SceneDelegate.swift in Sources */,
			);
			runOnlyForDeploymentPostprocessing = 0;
		};
/* End PBXSourcesBuildPhase section */

/* Begin PBXVariantGroup section */
		A44E597B2514033700EA3A5E /* Main.storyboard */ = {
			isa = PBXVariantGroup;
			children = (
				A44E597C2514033700EA3A5E /* Base */,
			);
			name = Main.storyboard;
			sourceTree = "<group>";
		};
		A44E59802514033800EA3A5E /* LaunchScreen.storyboard */ = {
			isa = PBXVariantGroup;
			children = (
				A44E59812514033800EA3A5E /* Base */,
			);
			name = LaunchScreen.storyboard;
			sourceTree = "<group>";
		};
/* End PBXVariantGroup section */

/* Begin XCBuildConfiguration section */
		A44E59842514033800EA3A5E /* Debug */ = {
			isa = XCBuildConfiguration;
			buildSettings = {
				ALWAYS_SEARCH_USER_PATHS = NO;
				CLANG_ANALYZER_NONNULL = YES;
				CLANG_ANALYZER_NUMBER_OBJECT_CONVERSION = YES_AGGRESSIVE;
				CLANG_CXX_LANGUAGE_STANDARD = "gnu++14";
				CLANG_CXX_LIBRARY = "libc++";
				CLANG_ENABLE_MODULES = YES;
				CLANG_ENABLE_OBJC_ARC = YES;
				CLANG_ENABLE_OBJC_WEAK = YES;
				CLANG_WARN_BLOCK_CAPTURE_AUTORELEASING = YES;
				CLANG_WARN_BOOL_CONVERSION = YES;
				CLANG_WARN_COMMA = YES;
				CLANG_WARN_CONSTANT_CONVERSION = YES;
				CLANG_WARN_DEPRECATED_OBJC_IMPLEMENTATIONS = YES;
				CLANG_WARN_DIRECT_OBJC_ISA_USAGE = YES_ERROR;
				CLANG_WARN_DOCUMENTATION_COMMENTS = YES;
				CLANG_WARN_EMPTY_BODY = YES;
				CLANG_WARN_ENUM_CONVERSION = YES;
				CLANG_WARN_INFINITE_RECURSION = YES;
				CLANG_WARN_INT_CONVERSION = YES;
				CLANG_WARN_NON_LITERAL_NULL_CONVERSION = YES;
				CLANG_WARN_OBJC_IMPLICIT_RETAIN_SELF = YES;
				CLANG_WARN_OBJC_LITERAL_CONVERSION = YES;
				CLANG_WARN_OBJC_ROOT_CLASS = YES_ERROR;
				CLANG_WARN_QUOTED_INCLUDE_IN_FRAMEWORK_HEADER = YES;
				CLANG_WARN_RANGE_LOOP_ANALYSIS = YES;
				CLANG_WARN_STRICT_PROTOTYPES = YES;
				CLANG_WARN_SUSPICIOUS_MOVE = YES;
				CLANG_WARN_UNGUARDED_AVAILABILITY = YES_AGGRESSIVE;
				CLANG_WARN_UNREACHABLE_CODE = YES;
				CLANG_WARN__DUPLICATE_METHOD_MATCH = YES;
				COPY_PHASE_STRIP = NO;
				DEBUG_INFORMATION_FORMAT = dwarf;
				ENABLE_STRICT_OBJC_MSGSEND = YES;
				ENABLE_TESTABILITY = YES;
				GCC_C_LANGUAGE_STANDARD = gnu11;
				GCC_DYNAMIC_NO_PIC = NO;
				GCC_NO_COMMON_BLOCKS = YES;
				GCC_OPTIMIZATION_LEVEL = 0;
				GCC_PREPROCESSOR_DEFINITIONS = (
					"DEBUG=1",
					"$(inherited)",
				);
				GCC_WARN_64_TO_32_BIT_CONVERSION = YES;
				GCC_WARN_ABOUT_RETURN_TYPE = YES_ERROR;
				GCC_WARN_UNDECLARED_SELECTOR = YES;
				GCC_WARN_UNINITIALIZED_AUTOS = YES_AGGRESSIVE;
				GCC_WARN_UNUSED_FUNCTION = YES;
				GCC_WARN_UNUSED_VARIABLE = YES;
				IPHONEOS_DEPLOYMENT_TARGET = 14.0;
				MTL_ENABLE_DEBUG_INFO = INCLUDE_SOURCE;
				MTL_FAST_MATH = YES;
				ONLY_ACTIVE_ARCH = YES;
				SDKROOT = iphoneos;
				SWIFT_ACTIVE_COMPILATION_CONDITIONS = DEBUG;
				SWIFT_OPTIMIZATION_LEVEL = "-Onone";
			};
			name = Debug;
		};
		A44E59852514033800EA3A5E /* Release */ = {
			isa = XCBuildConfiguration;
			buildSettings = {
				ALWAYS_SEARCH_USER_PATHS = NO;
				CLANG_ANALYZER_NONNULL = YES;
				CLANG_ANALYZER_NUMBER_OBJECT_CONVERSION = YES_AGGRESSIVE;
				CLANG_CXX_LANGUAGE_STANDARD = "gnu++14";
				CLANG_CXX_LIBRARY = "libc++";
				CLANG_ENABLE_MODULES = YES;
				CLANG_ENABLE_OBJC_ARC = YES;
				CLANG_ENABLE_OBJC_WEAK = YES;
				CLANG_WARN_BLOCK_CAPTURE_AUTORELEASING = YES;
				CLANG_WARN_BOOL_CONVERSION = YES;
				CLANG_WARN_COMMA = YES;
				CLANG_WARN_CONSTANT_CONVERSION = YES;
				CLANG_WARN_DEPRECATED_OBJC_IMPLEMENTATIONS = YES;
				CLANG_WARN_DIRECT_OBJC_ISA_USAGE = YES_ERROR;
				CLANG_WARN_DOCUMENTATION_COMMENTS = YES;
				CLANG_WARN_EMPTY_BODY = YES;
				CLANG_WARN_ENUM_CONVERSION = YES;
				CLANG_WARN_INFINITE_RECURSION = YES;
				CLANG_WARN_INT_CONVERSION = YES;
				CLANG_WARN_NON_LITERAL_NULL_CONVERSION = YES;
				CLANG_WARN_OBJC_IMPLICIT_RETAIN_SELF = YES;
				CLANG_WARN_OBJC_LITERAL_CONVERSION = YES;
				CLANG_WARN_OBJC_ROOT_CLASS = YES_ERROR;
				CLANG_WARN_QUOTED_INCLUDE_IN_FRAMEWORK_HEADER = YES;
				CLANG_WARN_RANGE_LOOP_ANALYSIS = YES;
				CLANG_WARN_STRICT_PROTOTYPES = YES;
				CLANG_WARN_SUSPICIOUS_MOVE = YES;
				CLANG_WARN_UNGUARDED_AVAILABILITY = YES_AGGRESSIVE;
				CLANG_WARN_UNREACHABLE_CODE = YES;
				CLANG_WARN__DUPLICATE_METHOD_MATCH = YES;
				COPY_PHASE_STRIP = NO;
				DEBUG_INFORMATION_FORMAT = "dwarf-with-dsym";
				ENABLE_NS_ASSERTIONS = NO;
				ENABLE_STRICT_OBJC_MSGSEND = YES;
				GCC_C_LANGUAGE_STANDARD = gnu11;
				GCC_NO_COMMON_BLOCKS = YES;
				GCC_WARN_64_TO_32_BIT_CONVERSION = YES;
				GCC_WARN_ABOUT_RETURN_TYPE = YES_ERROR;
				GCC_WARN_UNDECLARED_SELECTOR = YES;
				GCC_WARN_UNINITIALIZED_AUTOS = YES_AGGRESSIVE;
				GCC_WARN_UNUSED_FUNCTION = YES;
				GCC_WARN_UNUSED_VARIABLE = YES;
				IPHONEOS_DEPLOYMENT_TARGET = 14.0;
				MTL_ENABLE_DEBUG_INFO = NO;
				MTL_FAST_MATH = YES;
				SDKROOT = iphoneos;
				SWIFT_COMPILATION_MODE = wholemodule;
				SWIFT_OPTIMIZATION_LEVEL = "-O";
				VALIDATE_PRODUCT = YES;
			};
			name = Release;
		};
		A44E59872514033800EA3A5E /* Debug */ = {
			isa = XCBuildConfiguration;
			baseConfigurationReference = 1FEF3F041894BD6801544BC4 /* Pods-M1-AirPodTest.debug.xcconfig */;
			buildSettings = {
				ASSETCATALOG_COMPILER_APPICON_NAME = AppIcon;
				ASSETCATALOG_COMPILER_GLOBAL_ACCENT_COLOR_NAME = AccentColor;
				CODE_SIGN_STYLE = Automatic;
				DEVELOPMENT_TEAM = 6ZETDT84RB;
				INFOPLIST_FILE = "M1-AirPodTest/Info.plist";
				LD_RUNPATH_SEARCH_PATHS = (
					"$(inherited)",
					"@executable_path/Frameworks",
				);
				PRODUCT_BUNDLE_IDENTIFIER = "com.mach1.M1-AirPodTest";
				PRODUCT_NAME = "$(TARGET_NAME)";
				SWIFT_VERSION = 5.0;
				TARGETED_DEVICE_FAMILY = "1,2";
			};
			name = Debug;
		};
		A44E59882514033800EA3A5E /* Release */ = {
			isa = XCBuildConfiguration;
			baseConfigurationReference = 3CC629D0A73C7C6107D8788C /* Pods-M1-AirPodTest.release.xcconfig */;
			buildSettings = {
				ASSETCATALOG_COMPILER_APPICON_NAME = AppIcon;
				ASSETCATALOG_COMPILER_GLOBAL_ACCENT_COLOR_NAME = AccentColor;
				CODE_SIGN_STYLE = Automatic;
				DEVELOPMENT_TEAM = 6ZETDT84RB;
				INFOPLIST_FILE = "M1-AirPodTest/Info.plist";
				LD_RUNPATH_SEARCH_PATHS = (
					"$(inherited)",
					"@executable_path/Frameworks",
				);
				PRODUCT_BUNDLE_IDENTIFIER = "com.mach1.M1-AirPodTest";
				PRODUCT_NAME = "$(TARGET_NAME)";
				SWIFT_VERSION = 5.0;
				TARGETED_DEVICE_FAMILY = "1,2";
			};
			name = Release;
		};
/* End XCBuildConfiguration section */

/* Begin XCConfigurationList section */
		A44E596D2514033600EA3A5E /* Build configuration list for PBXProject "M1-AirPodTest" */ = {
			isa = XCConfigurationList;
			buildConfigurations = (
				A44E59842514033800EA3A5E /* Debug */,
				A44E59852514033800EA3A5E /* Release */,
			);
			defaultConfigurationIsVisible = 0;
			defaultConfigurationName = Release;
		};
		A44E59862514033800EA3A5E /* Build configuration list for PBXNativeTarget "M1-AirPodTest" */ = {
			isa = XCConfigurationList;
			buildConfigurations = (
				A44E59872514033800EA3A5E /* Debug */,
				A44E59882514033800EA3A5E /* Release */,
			);
			defaultConfigurationIsVisible = 0;
			defaultConfigurationName = Release;
		};
/* End XCConfigurationList section */
	};
	rootObject = A44E596A2514033600EA3A5E /* Project object */;
}
